
Microsoft Visual Studio Solution File, Format Version 12.00
# Visual Studio 14
VisualStudioVersion = 14.0.24720.0
MinimumVisualStudioVersion = 10.0.40219.1
Project("{FAE04EC0-301F-11D3-BF4B-00C04F79EFBC}") = "IberiaTest", "IberiaTest\IberiaTest.csproj", "{02817450-CD76-4B4F-9832-A079146C4E47}"
EndProject
Project("{FAE04EC0-301F-11D3-BF4B-00C04F79EFBC}") = "IberiaTest.Utilities", "IberiaTest.Utilities\IberiaTest.Utilities.csproj", "{8006F0AF-7A56-480B-B6C6-A5E064DDF813}"
EndProject
Global
	GlobalSection(SolutionConfigurationPlatforms) = preSolution
		Debug|Any CPU = Debug|Any CPU
		Release|Any CPU = Release|Any CPU
	EndGlobalSection
	GlobalSection(ProjectConfigurationPlatforms) = postSolution
		{02817450-CD76-4B4F-9832-A079146C4E47}.Debug|Any CPU.ActiveCfg = Debug|Any CPU
		{02817450-CD76-4B4F-9832-A079146C4E47}.Debug|Any CPU.Build.0 = Debug|Any CPU
		{02817450-CD76-4B4F-9832-A079146C4E47}.Release|Any CPU.ActiveCfg = Release|Any CPU
		{02817450-CD76-4B4F-9832-A079146C4E47}.Release|Any CPU.Build.0 = Release|Any CPU
		{8006F0AF-7A56-480B-B6C6-A5E064DDF813}.Debug|Any CPU.ActiveCfg = Debug|Any CPU
		{8006F0AF-7A56-480B-B6C6-A5E064DDF813}.Debug|Any CPU.Build.0 = Debug|Any CPU
		{8006F0AF-7A56-480B-B6C6-A5E064DDF813}.Release|Any CPU.ActiveCfg = Release|Any CPU
		{8006F0AF-7A56-480B-B6C6-A5E064DDF813}.Release|Any CPU.Build.0 = Release|Any CPU
	EndGlobalSection
	GlobalSection(SolutionProperties) = preSolution
		HideSolutionNode = FALSE
	EndGlobalSection
EndGlobal
